{
  "version": 4,
  "terraform_version": "1.3.9",
  "serial": 54,
  "lineage": "30980aad-e554-e5a8-7d23-7470922d61e9",
  "outputs": {
    "lambda_func": {
      "value": "hello",
      "type": "string"
    },
    "lambda_func_desc": {
      "value": "",
      "type": "string"
    },
    "lambda_function_details": {
      "value": {
        "architectures": [
          "x86_64"
        ],
        "arn": "arn:aws:lambda:ap-northeast-2:344513066772:function:hello",
        "code_signing_config_arn": "",
        "dead_letter_config": [],
        "description": "",
        "environment": [],
        "ephemeral_storage": [
          {
            "size": 512
          }
        ],
        "file_system_config": [],
        "filename": "../../lambda.zip",
        "function_name": "hello",
        "handler": "lib/hello.handler",
        "id": "hello",
        "image_config": [],
        "image_uri": "",
        "invoke_arn": "arn:aws:apigateway:ap-northeast-2:lambda:path/2015-03-31/functions/arn:aws:lambda:ap-northeast-2:344513066772:function:hello/invocations",
        "kms_key_arn": "",
        "last_modified": "2023-04-07T12:39:33.000+0000",
        "layers": [],
        "memory_size": 128,
        "package_type": "Zip",
        "publish": false,
        "qualified_arn": "arn:aws:lambda:ap-northeast-2:344513066772:function:hello:$LATEST",
        "qualified_invoke_arn": "arn:aws:apigateway:ap-northeast-2:lambda:path/2015-03-31/functions/arn:aws:lambda:ap-northeast-2:344513066772:function:hello:$LATEST/invocations",
        "replace_security_groups_on_destroy": null,
        "replacement_security_group_ids": null,
        "reserved_concurrent_executions": -1,
        "role": "arn:aws:iam::344513066772:role/hello-ap-northeast-2",
        "runtime": "nodejs14.x",
        "s3_bucket": null,
        "s3_key": null,
        "s3_object_version": null,
        "signing_job_arn": "",
        "signing_profile_version_arn": "",
        "skip_destroy": false,
        "snap_start": [],
        "source_code_hash": "P4J/6KRXah7jKKYdvHKFRFjbJBnOxiJA6tPvudRx2Gc=",
        "source_code_size": 8614,
        "tags": {},
        "tags_all": {},
        "timeout": 60,
        "timeouts": null,
        "tracing_config": [
          {
            "mode": "PassThrough"
          }
        ],
        "version": "$LATEST",
        "vpc_config": []
      },
      "type": [
        "object",
        {
          "architectures": [
            "list",
            "string"
          ],
          "arn": "string",
          "code_signing_config_arn": "string",
          "dead_letter_config": [
            "list",
            [
              "object",
              {
                "target_arn": "string"
              }
            ]
          ],
          "description": "string",
          "environment": [
            "list",
            [
              "object",
              {
                "variables": [
                  "map",
                  "string"
                ]
              }
            ]
          ],
          "ephemeral_storage": [
            "list",
            [
              "object",
              {
                "size": "number"
              }
            ]
          ],
          "file_system_config": [
            "list",
            [
              "object",
              {
                "arn": "string",
                "local_mount_path": "string"
              }
            ]
          ],
          "filename": "string",
          "function_name": "string",
          "handler": "string",
          "id": "string",
          "image_config": [
            "list",
            [
              "object",
              {
                "command": [
                  "list",
                  "string"
                ],
                "entry_point": [
                  "list",
                  "string"
                ],
                "working_directory": "string"
              }
            ]
          ],
          "image_uri": "string",
          "invoke_arn": "string",
          "kms_key_arn": "string",
          "last_modified": "string",
          "layers": [
            "list",
            "string"
          ],
          "memory_size": "number",
          "package_type": "string",
          "publish": "bool",
          "qualified_arn": "string",
          "qualified_invoke_arn": "string",
          "replace_security_groups_on_destroy": "bool",
          "replacement_security_group_ids": [
            "set",
            "string"
          ],
          "reserved_concurrent_executions": "number",
          "role": "string",
          "runtime": "string",
          "s3_bucket": "string",
          "s3_key": "string",
          "s3_object_version": "string",
          "signing_job_arn": "string",
          "signing_profile_version_arn": "string",
          "skip_destroy": "bool",
          "snap_start": [
            "list",
            [
              "object",
              {
                "apply_on": "string",
                "optimization_status": "string"
              }
            ]
          ],
          "source_code_hash": "string",
          "source_code_size": "number",
          "tags": [
            "map",
            "string"
          ],
          "tags_all": [
            "map",
            "string"
          ],
          "timeout": "number",
          "timeouts": [
            "object",
            {
              "create": "string",
              "delete": "string",
              "update": "string"
            }
          ],
          "tracing_config": [
            "list",
            [
              "object",
              {
                "mode": "string"
              }
            ]
          ],
          "version": "string",
          "vpc_config": [
            "list",
            [
              "object",
              {
                "security_group_ids": [
                  "set",
                  "string"
                ],
                "subnet_ids": [
                  "set",
                  "string"
                ],
                "vpc_id": "string"
              }
            ]
          ]
        }
      ]
    }
  },
  "resources": [
    {
      "mode": "managed",
      "type": "aws_lambda_function",
      "name": "lambda_tf",
      "provider": "provider[\"registry.terraform.io/hashicorp/aws\"]",
      "instances": [
        {
          "schema_version": 0,
          "attributes": {
            "architectures": [
              "x86_64"
            ],
            "arn": "arn:aws:lambda:ap-northeast-2:344513066772:function:hello",
            "code_signing_config_arn": "",
            "dead_letter_config": [],
            "description": "",
            "environment": [],
            "ephemeral_storage": [
              {
                "size": 512
              }
            ],
            "file_system_config": [],
            "filename": "../../lambda.zip",
            "function_name": "hello",
            "handler": "lib/hello.handler",
            "id": "hello",
            "image_config": [],
            "image_uri": "",
            "invoke_arn": "arn:aws:apigateway:ap-northeast-2:lambda:path/2015-03-31/functions/arn:aws:lambda:ap-northeast-2:344513066772:function:hello/invocations",
            "kms_key_arn": "",
            "last_modified": "2023-04-07T12:39:33.000+0000",
            "layers": [],
            "memory_size": 128,
            "package_type": "Zip",
            "publish": false,
            "qualified_arn": "arn:aws:lambda:ap-northeast-2:344513066772:function:hello:$LATEST",
            "qualified_invoke_arn": "arn:aws:apigateway:ap-northeast-2:lambda:path/2015-03-31/functions/arn:aws:lambda:ap-northeast-2:344513066772:function:hello:$LATEST/invocations",
            "replace_security_groups_on_destroy": null,
            "replacement_security_group_ids": null,
            "reserved_concurrent_executions": -1,
            "role": "arn:aws:iam::344513066772:role/hello-ap-northeast-2",
            "runtime": "nodejs14.x",
            "s3_bucket": null,
            "s3_key": null,
            "s3_object_version": null,
            "signing_job_arn": "",
            "signing_profile_version_arn": "",
            "skip_destroy": false,
            "snap_start": [],
            "source_code_hash": "P4J/6KRXah7jKKYdvHKFRFjbJBnOxiJA6tPvudRx2Gc=",
            "source_code_size": 8614,
            "tags": {},
            "tags_all": {},
            "timeout": 60,
            "timeouts": null,
            "tracing_config": [
              {
                "mode": "PassThrough"
              }
            ],
            "version": "$LATEST",
            "vpc_config": []
          },
          "sensitive_attributes": [],
          "private": "eyJlMmJmYjczMC1lY2FhLTExZTYtOGY4OC0zNDM2M2JjN2M0YzAiOnsiY3JlYXRlIjo2MDAwMDAwMDAwMDAsImRlbGV0ZSI6NjAwMDAwMDAwMDAwLCJ1cGRhdGUiOjYwMDAwMDAwMDAwMH19",
          "dependencies": [
            "module.iam_role.aws_iam_role.iam_lambda"
          ]
        }
      ]
    },
    {
      "module": "module.iam_role",
      "mode": "managed",
      "type": "aws_iam_role",
      "name": "iam_lambda",
      "provider": "provider[\"registry.terraform.io/hashicorp/aws\"]",
      "instances": [
        {
          "schema_version": 0,
          "attributes": {
            "arn": "arn:aws:iam::344513066772:role/hello-ap-northeast-2",
            "assume_role_policy": "{\"Statement\":[{\"Action\":\"sts:AssumeRole\",\"Effect\":\"Allow\",\"Principal\":{\"Service\":\"lambda.amazonaws.com\"},\"Sid\":\"\"}],\"Version\":\"2012-10-17\"}",
            "create_date": "2023-04-07T11:55:51Z",
            "description": "",
            "force_detach_policies": false,
            "id": "hello-ap-northeast-2",
            "inline_policy": [],
            "managed_policy_arns": [
              "arn:aws:iam::aws:policy/service-role/AWSLambdaBasicExecutionRole"
            ],
            "max_session_duration": 3600,
            "name": "hello-ap-northeast-2",
            "name_prefix": "",
            "path": "/",
            "permissions_boundary": null,
            "tags": {},
            "tags_all": {},
            "unique_id": "AROAVANUUG4KPJC6M6RCP"
          },
          "sensitive_attributes": [],
          "private": "bnVsbA=="
        }
      ]
    },
    {
      "module": "module.iam_role",
      "mode": "managed",
      "type": "aws_iam_role_policy_attachment",
      "name": "cloudwatch_logs",
      "provider": "provider[\"registry.terraform.io/hashicorp/aws\"]",
      "instances": [
        {
          "schema_version": 0,
          "attributes": {
            "id": "hello-ap-northeast-2-20230407115552794000000001",
            "policy_arn": "arn:aws:iam::aws:policy/service-role/AWSLambdaBasicExecutionRole",
            "role": "hello-ap-northeast-2"
          },
          "sensitive_attributes": [],
          "private": "bnVsbA==",
          "dependencies": [
            "module.iam_role.aws_iam_role.iam_lambda"
          ]
        }
      ]
    }
  ],
  "check_results": null
}
